<?xml version="1.0" encoding="utf-8"?>
<Project ToolsVersion="4.0" xmlns="http://schemas.microsoft.com/developer/msbuild/2003">
  <ItemGroup>
    <Filter Include="Engine">
      <UniqueIdentifier>{f0090880-5f5f-436c-b4ab-f779610ca9fa}</UniqueIdentifier>
    </Filter>
    <Filter Include="Engine\Main">
      <UniqueIdentifier>{ef3b6094-bc8e-4275-9a2d-74c7ae9a2216}</UniqueIdentifier>
    </Filter>
    <Filter Include="Engine\Main\Windows">
      <UniqueIdentifier>{936d6351-f241-42ee-bec2-e466d2aa74c1}</UniqueIdentifier>
    </Filter>
    <Filter Include="Engine\Engine">
      <UniqueIdentifier>{4e20d6d2-3b91-4def-acd5-03ffd520ccfa}</UniqueIdentifier>
    </Filter>
    <Filter Include="Engine\Core">
      <UniqueIdentifier>{72974dcb-0dad-445a-930b-61cf9dfb642d}</UniqueIdentifier>
    </Filter>
    <Filter Include="Engine\Platform">
      <UniqueIdentifier>{4be43b49-eb50-4b5e-9a1d-0eb66ea35ecb}</UniqueIdentifier>
    </Filter>
    <Filter Include="Engine\Platform\Windows">
      <UniqueIdentifier>{f0dc8289-b67d-4735-88be-257422bc5bb3}</UniqueIdentifier>
    </Filter>
    <Filter Include="Engine\Platform\Base">
      <UniqueIdentifier>{dac40e9e-b15b-45e0-a8fb-8b07c9dc6437}</UniqueIdentifier>
    </Filter>
    <Filter Include="Engine\Core\Collections">
      <UniqueIdentifier>{e8704c5b-78b7-4dcd-96dc-746c23101f76}</UniqueIdentifier>
    </Filter>
    <Filter Include="Engine\Core\Types">
      <UniqueIdentifier>{108f383a-3e23-4565-af6e-55809fb4e900}</UniqueIdentifier>
    </Filter>
    <Filter Include="Engine\Graphics">
      <UniqueIdentifier>{b5c6b1e0-8e17-4237-a564-7a690ad7fb75}</UniqueIdentifier>
    </Filter>
    <Filter Include="Engine\GraphicsDevice">
      <UniqueIdentifier>{c44eb78b-19f4-41f9-b7d1-64495de60a04}</UniqueIdentifier>
    </Filter>
    <Filter Include="Engine\Core\Math">
      <UniqueIdentifier>{f0007429-58f1-4f03-a015-31733d99b804}</UniqueIdentifier>
    </Filter>
    <Filter Include="Engine\Engine\Base">
      <UniqueIdentifier>{cd5afede-a1a5-4c30-8ebb-269508917653}</UniqueIdentifier>
    </Filter>
    <Filter Include="Editor">
      <UniqueIdentifier>{cfacdd52-dd7d-447e-9cc0-1f5d03aeb729}</UniqueIdentifier>
    </Filter>
    <Filter Include="Game">
      <UniqueIdentifier>{9e811bce-f888-415f-8e33-f0e3fde0989f}</UniqueIdentifier>
    </Filter>
    <Filter Include="Engine\GraphicsDevice\DX12">
      <UniqueIdentifier>{0a99337b-9674-438b-9758-49e60046a1e8}</UniqueIdentifier>
    </Filter>
    <Filter Include="Engine\Core\Memory">
      <UniqueIdentifier>{054602e8-1897-45b7-9120-a84d0efbedc0}</UniqueIdentifier>
    </Filter>
    <Filter Include="Engine\Graphics\Models">
      <UniqueIdentifier>{2985bd88-e2cf-4ea8-ab19-00059fb39ca6}</UniqueIdentifier>
    </Filter>
    <Filter Include="Engine\Engine\Components">
      <UniqueIdentifier>{cc2fb2af-4c82-4752-b1c6-c555e8b2b277}</UniqueIdentifier>
    </Filter>
    <Filter Include="Engine\Engine\Entities">
      <UniqueIdentifier>{a2a386b0-14ff-4520-93fb-789384fc60ab}</UniqueIdentifier>
    </Filter>
    <Filter Include="Engine\Graphics\Textures">
      <UniqueIdentifier>{bff729e8-0fa9-4851-a1f1-3948ea087a50}</UniqueIdentifier>
    </Filter>
    <Filter Include="Engine\Graphics\Materials">
      <UniqueIdentifier>{0fa171db-b467-404a-a7be-6c4e498186f3}</UniqueIdentifier>
    </Filter>
    <Filter Include="Engine\Renderer">
      <UniqueIdentifier>{6eaad296-e09e-4da9-bc5d-9a64a28808ea}</UniqueIdentifier>
    </Filter>
    <Filter Include="Engine\Graphics\Shaders">
      <UniqueIdentifier>{e8e4b3c0-fd6e-4739-941e-a8998325750c}</UniqueIdentifier>
    </Filter>
    <Filter Include="Engine\Input">
      <UniqueIdentifier>{e9f53b45-4d8f-45b2-9fb8-cf159309719e}</UniqueIdentifier>
    </Filter>
    <Filter Include="Shaders">
      <UniqueIdentifier>{7d617ba6-8e6c-4840-8fad-576d4589971d}</UniqueIdentifier>
    </Filter>
    <Filter Include="Engine\Resource">
      <UniqueIdentifier>{ded9d36f-5695-4a10-bc26-9fb94ac01b24}</UniqueIdentifier>
    </Filter>
    <Filter Include="ThirdParty">
      <UniqueIdentifier>{3162784c-31b5-48eb-8d28-69f1f2ccdbf9}</UniqueIdentifier>
    </Filter>
    <Filter Include="ThirdParty\stb_image">
      <UniqueIdentifier>{e57ea186-d32c-46b7-a2d2-c3c1f06b5b33}</UniqueIdentifier>
    </Filter>
    <Filter Include="ThirdParty\tiny_obj_loader">
      <UniqueIdentifier>{0340a843-4908-445d-8adc-bfd3ce8548dc}</UniqueIdentifier>
    </Filter>
    <Filter Include="Engine\Graphics\Lights">
      <UniqueIdentifier>{cbe1663a-1af7-4d26-81a6-a77887b32027}</UniqueIdentifier>
    </Filter>
  </ItemGroup>
  <ItemGroup>
    <ClInclude Include="Source\Engine\Core\Delegate.h">
      <Filter>Engine\Core</Filter>
    </ClInclude>
    <ClInclude Include="Source\Engine\Engine\Engine.h">
      <Filter>Engine\Engine</Filter>
    </ClInclude>
    <ClInclude Include="Source\Engine\Platform\Define.h">
      <Filter>Engine\Platform</Filter>
    </ClInclude>
    <ClInclude Include="Source\Engine\Core\NonCopyable.h">
      <Filter>Engine\Core</Filter>
    </ClInclude>
    <ClInclude Include="Source\Engine\Core\Log.h">
      <Filter>Engine\Core</Filter>
    </ClInclude>
    <ClInclude Include="Source\Engine\Core\Types\BaseTypes.h">
      <Filter>Engine\Core\Types</Filter>
    </ClInclude>
    <ClInclude Include="Source\Engine\Platform\Base\PlatformBase.h">
      <Filter>Engine\Platform\Base</Filter>
    </ClInclude>
    <ClInclude Include="Source\Engine\Platform\Platform.h">
      <Filter>Engine\Platform</Filter>
    </ClInclude>
    <ClInclude Include="Source\Engine\Platform\Windows\WindowsPlatform.h">
      <Filter>Engine\Platform\Windows</Filter>
    </ClInclude>
    <ClInclude Include="Source\Engine\Platform\Types.h">
      <Filter>Engine\Platform</Filter>
    </ClInclude>
    <ClInclude Include="Source\Engine\Platform\Window.h">
      <Filter>Engine\Platform</Filter>
    </ClInclude>
    <ClInclude Include="Source\Engine\Platform\WindowsManager.h">
      <Filter>Engine\Platform</Filter>
    </ClInclude>
    <ClInclude Include="Source\Engine\Platform\Base\WindowBase.h">
      <Filter>Engine\Platform\Base</Filter>
    </ClInclude>
    <ClInclude Include="Source\Engine\Platform\Windows\WindowsWindow.h">
      <Filter>Engine\Platform\Windows</Filter>
    </ClInclude>
    <ClInclude Include="Source\Engine\Platform\CreateWindowSettings.h">
      <Filter>Engine\Platform</Filter>
    </ClInclude>
    <ClInclude Include="Source\Engine\Core\Math\Vector2.h">
      <Filter>Engine\Core\Math</Filter>
    </ClInclude>
    <ClInclude Include="Source\Engine\Engine\EngineService.h">
      <Filter>Engine\Engine</Filter>
    </ClInclude>
    <ClInclude Include="Source\Engine\Graphics\Graphics.h">
      <Filter>Engine\Graphics</Filter>
    </ClInclude>
    <ClInclude Include="Source\Engine\Graphics\GPUDevice.h">
      <Filter>Engine\Graphics</Filter>
    </ClInclude>
    <ClInclude Include="Source\Engine\Engine\Base\ApplicationBase.h">
      <Filter>Engine\Engine\Base</Filter>
    </ClInclude>
    <ClInclude Include="Source\Game\Game.h">
      <Filter>Game</Filter>
    </ClInclude>
    <ClInclude Include="Source\Editor\Editor.h">
      <Filter>Editor</Filter>
    </ClInclude>
    <ClInclude Include="Source\Engine\Engine\Globals.h">
      <Filter>Engine\Engine</Filter>
    </ClInclude>
    <ClInclude Include="Source\Engine\GraphicsDevice\DX12\GPUDeviceDX12.h">
      <Filter>Engine\GraphicsDevice\DX12</Filter>
    </ClInclude>
    <ClInclude Include="Source\Engine\Core\Memory\Allocator.h">
      <Filter>Engine\Core\Memory</Filter>
    </ClInclude>
    <ClInclude Include="Source\Engine\Core\Memory\Memory.h">
      <Filter>Engine\Core\Memory</Filter>
    </ClInclude>
    <ClInclude Include="Source\Engine\Platform\Windows\IncludeWindowsHeader.h">
      <Filter>Engine\Platform\Windows</Filter>
    </ClInclude>
    <ClInclude Include="Source\Engine\Core\Templates.h">
      <Filter>Engine\Core</Filter>
    </ClInclude>
    <ClInclude Include="Source\Engine\Graphics\GPUContext.h">
      <Filter>Engine\Graphics</Filter>
    </ClInclude>
    <ClInclude Include="Source\Engine\GraphicsDevice\DX12\GPUContextDX12.h">
      <Filter>Engine\GraphicsDevice\DX12</Filter>
    </ClInclude>
    <ClInclude Include="Source\Engine\GraphicsDevice\DX12\d3dx12.h">
      <Filter>Engine\GraphicsDevice\DX12</Filter>
    </ClInclude>
    <ClInclude Include="Source\Engine\Core\Math\Vector3.h">
      <Filter>Engine\Core\Math</Filter>
    </ClInclude>
    <ClInclude Include="Source\Engine\Core\Math\Vector4.h">
      <Filter>Engine\Core\Math</Filter>
    </ClInclude>
    <ClInclude Include="Source\Engine\Core\Math\Matrix4x4.h">
      <Filter>Engine\Core\Math</Filter>
    </ClInclude>
    <ClInclude Include="Source\Engine\Core\Math\Matrix3x3.h">
      <Filter>Engine\Core\Math</Filter>
    </ClInclude>
    <ClInclude Include="Source\Engine\Core\Include.h">
      <Filter>Engine\Core</Filter>
    </ClInclude>
    <ClInclude Include="Source\Engine\Graphics\GPUBuffer.h">
      <Filter>Engine\Graphics</Filter>
    </ClInclude>
    <ClInclude Include="Source\Engine\Graphics\GPUAdapter.h">
      <Filter>Engine\Graphics</Filter>
    </ClInclude>
    <ClInclude Include="Source\Engine\Graphics\GPUResource.h">
      <Filter>Engine\Graphics</Filter>
    </ClInclude>
    <ClInclude Include="Source\Engine\Graphics\GPUSwapChain.h">
      <Filter>Engine\Graphics</Filter>
    </ClInclude>
    <ClInclude Include="Source\Engine\Graphics\GPUPipelineState.h">
      <Filter>Engine\Graphics</Filter>
    </ClInclude>
    <ClInclude Include="Source\Engine\Core\Enums.h">
      <Filter>Engine\Core</Filter>
    </ClInclude>
    <ClInclude Include="Source\Engine\Core\Core.h">
      <Filter>Engine\Core</Filter>
    </ClInclude>
    <ClInclude Include="Source\Engine\GraphicsDevice\DX12\CommandAllocatorPoolDX12.h">
      <Filter>Engine\GraphicsDevice\DX12</Filter>
    </ClInclude>
    <ClInclude Include="Source\Engine\GraphicsDevice\DX12\CommandQueueDX12.h">
      <Filter>Engine\GraphicsDevice\DX12</Filter>
    </ClInclude>
    <ClInclude Include="Source\Engine\GraphicsDevice\DX12\DescriptorHeapDX12.h">
      <Filter>Engine\GraphicsDevice\DX12</Filter>
    </ClInclude>
    <ClInclude Include="Source\Engine\GraphicsDevice\DX12\GPUBufferDX12.h">
      <Filter>Engine\GraphicsDevice\DX12</Filter>
    </ClInclude>
    <ClInclude Include="Source\Engine\GraphicsDevice\DX12\GPUPipelineStateDX12.h">
      <Filter>Engine\GraphicsDevice\DX12</Filter>
    </ClInclude>
    <ClInclude Include="Source\Engine\GraphicsDevice\DX12\GPUShaderDX12.h">
      <Filter>Engine\GraphicsDevice\DX12</Filter>
    </ClInclude>
    <ClInclude Include="Source\Engine\GraphicsDevice\DX12\GPUSwapChainDX12.h">
      <Filter>Engine\GraphicsDevice\DX12</Filter>
    </ClInclude>
    <ClInclude Include="Source\Engine\Core\Types\Pair.h">
      <Filter>Engine\Core\Types</Filter>
    </ClInclude>
    <ClInclude Include="Source\Engine\Core\Math\Common.h">
      <Filter>Engine\Core\Math</Filter>
    </ClInclude>
    <ClInclude Include="Source\Engine\Core\Types\Color.h">
      <Filter>Engine\Core\Types</Filter>
    </ClInclude>
    <ClInclude Include="Source\Engine\Engine\Base\ComponentBase.h">
      <Filter>Engine\Engine\Base</Filter>
    </ClInclude>
    <ClInclude Include="Source\Engine\Engine\Base\EntityBase.h">
      <Filter>Engine\Engine\Base</Filter>
    </ClInclude>
    <ClInclude Include="Source\Engine\Engine\Scene.h">
      <Filter>Engine\Engine</Filter>
    </ClInclude>
    <ClInclude Include="Source\Engine\Core\Types\Node.h">
      <Filter>Engine\Core\Types</Filter>
    </ClInclude>
    <ClInclude Include="Source\Engine\Core\Object.h">
      <Filter>Engine\Core</Filter>
    </ClInclude>
    <ClInclude Include="Source\Engine\Core\Math\Transform.h">
      <Filter>Engine\Core\Math</Filter>
    </ClInclude>
    <ClInclude Include="Source\Engine\Core\Math\Quaternion.h">
      <Filter>Engine\Core\Math</Filter>
    </ClInclude>
    <ClInclude Include="Source\Engine\Core\Math\Viewport.h">
      <Filter>Engine\Core\Math</Filter>
    </ClInclude>
    <ClInclude Include="Source\Engine\Engine\Components\CameraComponent.h">
      <Filter>Engine\Engine\Components</Filter>
    </ClInclude>
    <ClInclude Include="Source\Engine\Engine\Components\LightComponent.h">
      <Filter>Engine\Engine\Components</Filter>
    </ClInclude>
    <ClInclude Include="Source\Engine\Engine\Components\MeshRendererComponent.h">
      <Filter>Engine\Engine\Components</Filter>
    </ClInclude>
    <ClInclude Include="Source\Engine\Engine\Components\TransformComponent.h">
      <Filter>Engine\Engine\Components</Filter>
    </ClInclude>
    <ClInclude Include="Source\Engine\Graphics\Models\Mesh.h">
      <Filter>Engine\Graphics\Models</Filter>
    </ClInclude>
    <ClInclude Include="Source\Engine\Renderer\Renderer.h">
      <Filter>Engine\Renderer</Filter>
    </ClInclude>
    <ClInclude Include="Source\Engine\Renderer\RendererPassBase.h">
      <Filter>Engine\Renderer</Filter>
    </ClInclude>
    <ClInclude Include="Source\Engine\Renderer\ForwardPass.h">
      <Filter>Engine\Renderer</Filter>
    </ClInclude>
    <ClInclude Include="Source\Engine\Graphics\Textures\GPUTexture.h">
      <Filter>Engine\Graphics\Textures</Filter>
    </ClInclude>
    <ClInclude Include="Source\Engine\GraphicsDevice\DX12\GPUResourceDX12.h">
      <Filter>Engine\GraphicsDevice\DX12</Filter>
    </ClInclude>
    <ClInclude Include="Source\Engine\Graphics\GPUResourceState.h">
      <Filter>Engine\Graphics</Filter>
    </ClInclude>
    <ClInclude Include="Source\Engine\GraphicsDevice\DX12\GPUResourceStateDX12.h">
      <Filter>Engine\GraphicsDevice\DX12</Filter>
    </ClInclude>
    <ClInclude Include="Source\Engine\GraphicsDevice\DX12\GPUTextureDX12.h">
      <Filter>Engine\GraphicsDevice\DX12</Filter>
    </ClInclude>
    <ClInclude Include="Source\Engine\GraphicsDevice\DX12\UploadBufferDX12.h">
      <Filter>Engine\GraphicsDevice\DX12</Filter>
    </ClInclude>
    <ClInclude Include="Source\Engine\GraphicsDevice\DX12\IncludeDX12Headers.h">
      <Filter>Engine\GraphicsDevice\DX12</Filter>
    </ClInclude>
    <ClInclude Include="Source\Engine\Graphics\Textures\GPUTextureDescription.h">
      <Filter>Engine\Graphics\Textures</Filter>
    </ClInclude>
    <ClInclude Include="Source\Engine\Graphics\PixelFormat.h">
      <Filter>Engine\Graphics</Filter>
    </ClInclude>
    <ClInclude Include="Source\Engine\Graphics\Enums.h">
      <Filter>Engine\Graphics</Filter>
    </ClInclude>
    <ClInclude Include="Source\Engine\Core\Math\Rectangle.h">
      <Filter>Engine\Core\Math</Filter>
    </ClInclude>
    <ClInclude Include="Source\Engine\Core\Types\Span.h">
      <Filter>Engine\Core\Types</Filter>
    </ClInclude>
    <ClInclude Include="Source\Engine\Engine\Entities\CameraEntity.h">
      <Filter>Engine\Engine\Entities</Filter>
    </ClInclude>
    <ClInclude Include="Source\Engine\Engine\Entities\LightEntity.h">
      <Filter>Engine\Engine\Entities</Filter>
    </ClInclude>
    <ClInclude Include="Source\Engine\Graphics\Shaders\GPUShader.h">
      <Filter>Engine\Graphics\Shaders</Filter>
    </ClInclude>
    <ClInclude Include="Source\Engine\Graphics\Shaders\GPUShaderProgram.h">
      <Filter>Engine\Graphics\Shaders</Filter>
    </ClInclude>
    <ClInclude Include="Source\Engine\Graphics\GPUBufferDescription.h">
      <Filter>Engine\Graphics</Filter>
    </ClInclude>
    <ClInclude Include="Source\Engine\Core\Singleton.h">
      <Filter>Engine\Core</Filter>
    </ClInclude>
    <ClInclude Include="Source\Engine\Graphics\PixelFormatExtensions.h">
      <Filter>Engine\Graphics</Filter>
    </ClInclude>
    <ClInclude Include="Source\Engine\Core\Collections\HashFunctions.h">
      <Filter>Engine\Core\Collections</Filter>
    </ClInclude>
    <ClInclude Include="Source\Engine\GraphicsDevice\DX12\GPUShaderProgramDX12.h">
      <Filter>Engine\GraphicsDevice\DX12</Filter>
    </ClInclude>
    <ClInclude Include="Source\Engine\Graphics\Models\GeometryGenerator.h">
      <Filter>Engine\Graphics\Models</Filter>
    </ClInclude>
    <ClInclude Include="Source\Engine\Graphics\Models\MeshData.h">
      <Filter>Engine\Graphics\Models</Filter>
    </ClInclude>
    <ClInclude Include="Source\Engine\Graphics\Models\Vertex.h">
      <Filter>Engine\Graphics\Models</Filter>
    </ClInclude>
    <ClInclude Include="Source\Engine\Core\Collections\Array.h">
      <Filter>Engine\Core\Collections</Filter>
    </ClInclude>
    <ClInclude Include="Source\Engine\Core\Collections\Dictionary.h">
      <Filter>Engine\Core\Collections</Filter>
    </ClInclude>
    <ClInclude Include="Source\Engine\Graphics\GPUConstantBuffer.h">
      <Filter>Engine\Graphics</Filter>
    </ClInclude>
    <ClInclude Include="Source\Engine\GraphicsDevice\DX12\GPUConstantBufferDX12.h">
      <Filter>Engine\GraphicsDevice\DX12</Filter>
    </ClInclude>
    <ClInclude Include="Source\Engine\Graphics\Materials\DefaultMaterial.h">
      <Filter>Engine\Graphics\Materials</Filter>
    </ClInclude>
    <ClInclude Include="Source\Engine\Graphics\Materials\MaterialBase.h">
      <Filter>Engine\Graphics\Materials</Filter>
    </ClInclude>
    <ClInclude Include="Source\Engine\Input\Input.h">
      <Filter>Engine\Input</Filter>
    </ClInclude>
    <ClInclude Include="Source\Engine\Input\Keyboard.h">
      <Filter>Engine\Input</Filter>
    </ClInclude>
    <ClInclude Include="Source\Engine\Input\Mouse.h">
      <Filter>Engine\Input</Filter>
    </ClInclude>
    <ClInclude Include="Source\Engine\Engine\Components\InputComponent.h">
      <Filter>Engine\Engine\Components</Filter>
    </ClInclude>
    <ClInclude Include="Source\Engine\Input\Enums.h">
      <Filter>Engine\Input</Filter>
    </ClInclude>
    <ClInclude Include="Source\Engine\Input\InputDevice.h">
      <Filter>Engine\Input</Filter>
    </ClInclude>
    <ClInclude Include="Source\Engine\Platform\Windows\WindowsInput.h">
      <Filter>Engine\Platform\Windows</Filter>
    </ClInclude>
    <ClInclude Include="Source\Engine\Core\Types\TypeMap.h">
      <Filter>Engine\Core\Types</Filter>
    </ClInclude>
    <ClInclude Include="Source\Engine\Engine\Entities\RenderEntity.h">
      <Filter>Engine\Engine\Entities</Filter>
    </ClInclude>
    <ClInclude Include="Source\ThirdParty\stb_image\stb_image.h">
      <Filter>ThirdParty\stb_image</Filter>
    </ClInclude>
    <ClInclude Include="Source\Engine\Resource\Resource.h">
      <Filter>Engine\Resource</Filter>
    </ClInclude>
    <ClInclude Include="Source\Engine\Graphics\Textures\TextureData.h">
      <Filter>Engine\Graphics\Textures</Filter>
    </ClInclude>
    <ClInclude Include="Source\ThirdParty\tiny_obj_loader\tiny_obj_loader.h">
      <Filter>ThirdParty\tiny_obj_loader</Filter>
    </ClInclude>
    <ClInclude Include="Source\Engine\Graphics\Models\Model.h">
      <Filter>Engine\Graphics\Models</Filter>
    </ClInclude>
    <ClInclude Include="Source\Engine\Graphics\Materials\PBRMaterial.h">
      <Filter>Engine\Graphics\Materials</Filter>
    </ClInclude>
    <ClInclude Include="Source\Engine\Engine\Application.h">
      <Filter>Engine\Engine</Filter>
    </ClInclude>
    <ClInclude Include="Source\Engine\Graphics\Materials\SkyboxMaterial.h">
      <Filter>Engine\Graphics\Materials</Filter>
    </ClInclude>
    <ClInclude Include="Source\Engine\Graphics\Lights\LightBase.h">
      <Filter>Engine\Graphics\Lights</Filter>
    </ClInclude>
    <ClInclude Include="Source\Engine\Graphics\Lights\DirectionalLight.h">
      <Filter>Engine\Graphics\Lights</Filter>
    </ClInclude>
    <ClInclude Include="Source\Engine\Graphics\Lights\PointLight.h">
      <Filter>Engine\Graphics\Lights</Filter>
    </ClInclude>
    <ClInclude Include="Source\Engine\Graphics\Lights\SpotLight.h">
      <Filter>Engine\Graphics\Lights</Filter>
    </ClInclude>
    <ClInclude Include="Source\Engine\Renderer\RenderContext.h">
      <Filter>Engine\Renderer</Filter>
    </ClInclude>
    <ClInclude Include="Source\Engine\Renderer\LightPass.h">
      <Filter>Engine\Renderer</Filter>
    </ClInclude>
    <ClInclude Include="Source\Engine\Renderer\ShadowPass.h">
      <Filter>Engine\Renderer</Filter>
    </ClInclude>
  </ItemGroup>
  <ItemGroup>
    <ClCompile Include="Source\Engine\Main\Windows\main.cpp">
      <Filter>Engine\Main\Windows</Filter>
    </ClCompile>
    <ClCompile Include="Source\Engine\Core\Log.cpp">
      <Filter>Engine\Core</Filter>
    </ClCompile>
    <ClCompile Include="Source\Engine\Platform\Base\PlatformBase.cpp">
      <Filter>Engine\Platform\Base</Filter>
    </ClCompile>
    <ClCompile Include="Source\Engine\Engine\Engine.cpp">
      <Filter>Engine\Engine</Filter>
    </ClCompile>
    <ClCompile Include="Source\Engine\Platform\Windows\WindowsPlatform.cpp">
      <Filter>Engine\Platform\Windows</Filter>
    </ClCompile>
    <ClCompile Include="Source\Engine\Platform\WindowsManager.cpp">
      <Filter>Engine\Platform</Filter>
    </ClCompile>
    <ClCompile Include="Source\Engine\Platform\Base\WindowBase.cpp">
      <Filter>Engine\Platform\Base</Filter>
    </ClCompile>
    <ClCompile Include="Source\Engine\Platform\Windows\WindowsWindow.cpp">
      <Filter>Engine\Platform\Windows</Filter>
    </ClCompile>
    <ClCompile Include="Source\Engine\Engine\EngineService.cpp">
      <Filter>Engine\Engine</Filter>
    </ClCompile>
    <ClCompile Include="Source\Engine\Graphics\Graphics.cpp">
      <Filter>Engine\Graphics</Filter>
    </ClCompile>
    <ClCompile Include="Source\Engine\Graphics\GPUDevice.cpp">
      <Filter>Engine\Graphics</Filter>
    </ClCompile>
    <ClCompile Include="Source\Game\Game.cpp">
      <Filter>Game</Filter>
    </ClCompile>
    <ClCompile Include="Source\Editor\Editor.cpp">
      <Filter>Editor</Filter>
    </ClCompile>
    <ClCompile Include="Source\Engine\Engine\Globals.cpp">
      <Filter>Engine\Engine</Filter>
    </ClCompile>
    <ClCompile Include="Source\Engine\GraphicsDevice\DX12\GPUDeviceDX12.cpp">
      <Filter>Engine\GraphicsDevice\DX12</Filter>
    </ClCompile>
    <ClCompile Include="Source\Engine\Graphics\GPUContext.cpp">
      <Filter>Engine\Graphics</Filter>
    </ClCompile>
    <ClCompile Include="Source\Engine\GraphicsDevice\DX12\GPUContextDX12.cpp">
      <Filter>Engine\GraphicsDevice\DX12</Filter>
    </ClCompile>
    <ClCompile Include="Source\Engine\GraphicsDevice\DX12\CommandAllocatorPoolDX12.cpp">
      <Filter>Engine\GraphicsDevice\DX12</Filter>
    </ClCompile>
    <ClCompile Include="Source\Engine\GraphicsDevice\DX12\CommandQueueDX12.cpp">
      <Filter>Engine\GraphicsDevice\DX12</Filter>
    </ClCompile>
    <ClCompile Include="Source\Engine\GraphicsDevice\DX12\DescriptorHeapDX12.cpp">
      <Filter>Engine\GraphicsDevice\DX12</Filter>
    </ClCompile>
    <ClCompile Include="Source\Engine\GraphicsDevice\DX12\GPUBufferDX12.cpp">
      <Filter>Engine\GraphicsDevice\DX12</Filter>
    </ClCompile>
    <ClCompile Include="Source\Engine\GraphicsDevice\DX12\GPUPipelineStateDX12.cpp">
      <Filter>Engine\GraphicsDevice\DX12</Filter>
    </ClCompile>
    <ClCompile Include="Source\Engine\GraphicsDevice\DX12\GPUShaderDX12.cpp">
      <Filter>Engine\GraphicsDevice\DX12</Filter>
    </ClCompile>
    <ClCompile Include="Source\Engine\GraphicsDevice\DX12\GPUSwapChainDX12.cpp">
      <Filter>Engine\GraphicsDevice\DX12</Filter>
    </ClCompile>
    <ClCompile Include="Source\Engine\Core\Math\Matrix3x3.cpp">
      <Filter>Engine\Core\Math</Filter>
    </ClCompile>
    <ClCompile Include="Source\Engine\Core\Math\Matrix4x4.cpp">
      <Filter>Engine\Core\Math</Filter>
    </ClCompile>
    <ClCompile Include="Source\Engine\Core\Math\Vector2.cpp">
      <Filter>Engine\Core\Math</Filter>
    </ClCompile>
    <ClCompile Include="Source\Engine\Core\Math\Vector3.cpp">
      <Filter>Engine\Core\Math</Filter>
    </ClCompile>
    <ClCompile Include="Source\Engine\Core\Math\Vector4.cpp">
      <Filter>Engine\Core\Math</Filter>
    </ClCompile>
    <ClCompile Include="Source\Engine\Core\Math\Common.cpp">
      <Filter>Engine\Core\Math</Filter>
    </ClCompile>
    <ClCompile Include="Source\Engine\Core\Types\Color.cpp">
      <Filter>Engine\Core\Types</Filter>
    </ClCompile>
    <ClCompile Include="Source\Engine\Engine\Scene.cpp">
      <Filter>Engine\Engine</Filter>
    </ClCompile>
    <ClCompile Include="Source\Engine\Engine\Base\EntityBase.cpp">
      <Filter>Engine\Engine\Base</Filter>
    </ClCompile>
    <ClCompile Include="Source\Engine\Engine\Base\ComponentBase.cpp">
      <Filter>Engine\Engine\Base</Filter>
    </ClCompile>
    <ClCompile Include="Source\Engine\Core\Math\Transform.cpp">
      <Filter>Engine\Core\Math</Filter>
    </ClCompile>
    <ClCompile Include="Source\Engine\Core\Math\Quaternion.cpp">
      <Filter>Engine\Core\Math</Filter>
    </ClCompile>
    <ClCompile Include="Source\Engine\Engine\Components\CameraComponent.cpp">
      <Filter>Engine\Engine\Components</Filter>
    </ClCompile>
    <ClCompile Include="Source\Engine\Engine\Components\LightComponent.cpp">
      <Filter>Engine\Engine\Components</Filter>
    </ClCompile>
    <ClCompile Include="Source\Engine\Engine\Components\MeshRendererComponent.cpp">
      <Filter>Engine\Engine\Components</Filter>
    </ClCompile>
    <ClCompile Include="Source\Engine\Engine\Components\TransformComponent.cpp">
      <Filter>Engine\Engine\Components</Filter>
    </ClCompile>
    <ClCompile Include="Source\Engine\Graphics\Models\Mesh.cpp">
      <Filter>Engine\Graphics\Models</Filter>
    </ClCompile>
    <ClCompile Include="Source\Engine\Renderer\ForwardPass.cpp">
      <Filter>Engine\Renderer</Filter>
    </ClCompile>
    <ClCompile Include="Source\Engine\Graphics\Textures\GPUTexture.cpp">
      <Filter>Engine\Graphics\Textures</Filter>
    </ClCompile>
    <ClCompile Include="Source\Engine\GraphicsDevice\DX12\GPUTextureDX12.cpp">
      <Filter>Engine\GraphicsDevice\DX12</Filter>
    </ClCompile>
    <ClCompile Include="Source\Engine\GraphicsDevice\DX12\UploadBufferDX12.cpp">
      <Filter>Engine\GraphicsDevice\DX12</Filter>
    </ClCompile>
    <ClCompile Include="Source\Engine\Graphics\Textures\GPUTextureDescription.cpp">
      <Filter>Engine\Graphics\Textures</Filter>
    </ClCompile>
    <ClCompile Include="Source\Engine\Graphics\GPUBuffer.cpp">
      <Filter>Engine\Graphics</Filter>
    </ClCompile>
    <ClCompile Include="Source\Engine\Graphics\GPUBufferDescription.cpp">
      <Filter>Engine\Graphics</Filter>
    </ClCompile>
    <ClCompile Include="Source\Engine\Renderer\Renderer.cpp">
      <Filter>Engine\Renderer</Filter>
    </ClCompile>
    <ClCompile Include="Source\Engine\Graphics\PixelFormatExtensions.cpp">
      <Filter>Engine\Graphics</Filter>
    </ClCompile>
    <ClCompile Include="Source\Engine\Graphics\GPUPipelineState.cpp">
      <Filter>Engine\Graphics</Filter>
    </ClCompile>
    <ClCompile Include="Source\Engine\GraphicsDevice\DX12\GPUShaderProgramDX12.cpp">
      <Filter>Engine\GraphicsDevice\DX12</Filter>
    </ClCompile>
    <ClCompile Include="Source\Engine\Graphics\Models\GeometryGenerator.cpp">
      <Filter>Engine\Graphics\Models</Filter>
    </ClCompile>
    <ClCompile Include="Source\Engine\Input\Input.cpp">
      <Filter>Engine\Input</Filter>
    </ClCompile>
    <ClCompile Include="Source\Engine\Engine\Components\InputComponent.cpp">
      <Filter>Engine\Engine\Components</Filter>
    </ClCompile>
    <ClCompile Include="Source\Engine\Input\Mouse.cpp">
      <Filter>Engine\Input</Filter>
    </ClCompile>
    <ClCompile Include="Source\Engine\Input\Keyboard.cpp">
      <Filter>Engine\Input</Filter>
    </ClCompile>
    <ClCompile Include="Source\Engine\Platform\Windows\WindowsInput.cpp">
      <Filter>Engine\Platform\Windows</Filter>
    </ClCompile>
    <ClCompile Include="Source\ThirdParty\stb_image\stb_image.cpp">
      <Filter>ThirdParty\stb_image</Filter>
    </ClCompile>
    <ClCompile Include="Source\Engine\Resource\Resource.cpp">
      <Filter>Engine\Resource</Filter>
    </ClCompile>
    <ClCompile Include="Source\Engine\Graphics\Textures\TextureData.cpp">
      <Filter>Engine\Graphics\Textures</Filter>
    </ClCompile>
    <ClCompile Include="Source\Engine\Graphics\Models\Model.cpp">
      <Filter>Engine\Graphics\Models</Filter>
    </ClCompile>
    <ClCompile Include="Source\Engine\Graphics\Materials\PBRMaterial.cpp">
      <Filter>Engine\Graphics\Materials</Filter>
    </ClCompile>
    <ClCompile Include="Source\Engine\Graphics\Materials\DefaultMaterial.cpp">
      <Filter>Engine\Graphics\Materials</Filter>
    </ClCompile>
    <ClCompile Include="Source\Engine\Graphics\Shaders\GPUShaderProgram.cpp">
      <Filter>Engine\Graphics\Shaders</Filter>
    </ClCompile>
    <ClCompile Include="Source\Engine\Graphics\Materials\SkyboxMaterial.cpp">
      <Filter>Engine\Graphics\Materials</Filter>
    </ClCompile>
    <ClCompile Include="Source\Engine\Graphics\Materials\MaterialBase.cpp">
      <Filter>Engine\Graphics\Materials</Filter>
    </ClCompile>
    <ClCompile Include="Source\Engine\Graphics\Lights\LightBase.cpp">
      <Filter>Engine\Graphics\Lights</Filter>
    </ClCompile>
    <ClCompile Include="Source\Engine\Graphics\Lights\DirectionalLight.cpp">
      <Filter>Engine\Graphics\Lights</Filter>
    </ClCompile>
    <ClCompile Include="Source\Engine\Graphics\Lights\PointLight.cpp">
      <Filter>Engine\Graphics\Lights</Filter>
    </ClCompile>
    <ClCompile Include="Source\Engine\Graphics\Lights\SpotLight.cpp">
      <Filter>Engine\Graphics\Lights</Filter>
    </ClCompile>
    <ClCompile Include="Source\Engine\Renderer\RenderContext.cpp">
      <Filter>Engine\Renderer</Filter>
    </ClCompile>
    <ClCompile Include="Source\Engine\Renderer\LightPass.cpp">
      <Filter>Engine\Renderer</Filter>
    </ClCompile>
    <ClCompile Include="Source\Engine\Renderer\ShadowPass.cpp">
      <Filter>Engine\Renderer</Filter>
    </ClCompile>
  </ItemGroup>
  <ItemGroup>
    <None Include="Assets\Shaders\Common.hlsli">
      <Filter>Shaders</Filter>
    </None>
  </ItemGroup>
  <ItemGroup>
    <FxCompile Include="Assets\Shaders\DefaultVS.hlsl">
      <Filter>Shaders</Filter>
    </FxCompile>
    <FxCompile Include="Assets\Shaders\DefaultPS.hlsl">
      <Filter>Shaders</Filter>
    </FxCompile>
    <FxCompile Include="Assets\Shaders\SkyboxVS.hlsl">
      <Filter>Shaders</Filter>
    </FxCompile>
    <FxCompile Include="Assets\Shaders\SkyboxPS.hlsl">
      <Filter>Shaders</Filter>
    </FxCompile>
    <FxCompile Include="Assets\Shaders\PBRVS.hlsl">
      <Filter>Shaders</Filter>
    </FxCompile>
    <FxCompile Include="Assets\Shaders\PBRPS.hlsl">
      <Filter>Shaders</Filter>
    </FxCompile>
  </ItemGroup>
</Project>